
Microsoft Visual Studio Solution File, Format Version 12.00
# Visual Studio Version 16
VisualStudioVersion = 16.0.31025.194
MinimumVisualStudioVersion = 10.0.40219.1
Project("{FAE04EC0-301F-11D3-BF4B-00C04F79EFBC}") = "ElectionApp", "ElectionApp.csproj", "{3F3B3250-343E-4383-A723-0BDEC53A473E}"
EndProject
Global
	GlobalSection(SolutionConfigurationPlatforms) = preSolution
		Debug|Any CPU = Debug|Any CPU
		Release|Any CPU = Release|Any CPU
	EndGlobalSection
	GlobalSection(ProjectConfigurationPlatforms) = postSolution
		{3F3B3250-343E-4383-A723-0BDEC53A473E}.Debug|Any CPU.ActiveCfg = Debug|Any CPU
		{3F3B3250-343E-4383-A723-0BDEC53A473E}.Debug|Any CPU.Build.0 = Debug|Any CPU
		{3F3B3250-343E-4383-A723-0BDEC53A473E}.Release|Any CPU.ActiveCfg = Release|Any CPU
		{3F3B3250-343E-4383-A723-0BDEC53A473E}.Release|Any CPU.Build.0 = Release|Any CPU
	EndGlobalSection
	GlobalSection(SolutionProperties) = preSolution
		HideSolutionNode = FALSE
	EndGlobalSection
	GlobalSection(ExtensibilityGlobals) = postSolution
		SolutionGuid = {8E921B5A-BD6E-4EAC-8805-7DA800C283A6}
	EndGlobalSection
EndGlobal
